
Microsoft Visual Studio Solution File, Format Version 12.00
# Visual Studio 15
Project("{FAE04EC0-301F-11D3-BF4B-00C04F79EFBC}") = "Assembly-CSharp-Editor", "Assembly-CSharp-Editor.csproj", "{E04C07B6-9C31-7DAB-67F6-A28B64B175E1}"
EndProject
Project("{FAE04EC0-301F-11D3-BF4B-00C04F79EFBC}") = "Assembly-CSharp", "Assembly-CSharp.csproj", "{469AD06E-94BF-C11E-56EB-EA13F1CA7E42}"
EndProject
Global
	GlobalSection(SolutionConfigurationPlatforms) = preSolution
		Debug|Any CPU = Debug|Any CPU
		Release|Any CPU = Release|Any CPU
	EndGlobalSection
	GlobalSection(ProjectConfigurationPlatforms) = postSolution
		{E04C07B6-9C31-7DAB-67F6-A28B64B175E1}.Debug|Any CPU.ActiveCfg = Debug|Any CPU
		{E04C07B6-9C31-7DAB-67F6-A28B64B175E1}.Debug|Any CPU.Build.0 = Debug|Any CPU
		{E04C07B6-9C31-7DAB-67F6-A28B64B175E1}.Release|Any CPU.ActiveCfg = Release|Any CPU
		{E04C07B6-9C31-7DAB-67F6-A28B64B175E1}.Release|Any CPU.Build.0 = Release|Any CPU
		{469AD06E-94BF-C11E-56EB-EA13F1CA7E42}.Debug|Any CPU.ActiveCfg = Debug|Any CPU
		{469AD06E-94BF-C11E-56EB-EA13F1CA7E42}.Debug|Any CPU.Build.0 = Debug|Any CPU
		{469AD06E-94BF-C11E-56EB-EA13F1CA7E42}.Release|Any CPU.ActiveCfg = Release|Any CPU
		{469AD06E-94BF-C11E-56EB-EA13F1CA7E42}.Release|Any CPU.Build.0 = Release|Any CPU
	EndGlobalSection
	GlobalSection(SolutionProperties) = preSolution
		HideSolutionNode = FALSE
	EndGlobalSection
EndGlobal
